// !$*UTF8*$!
{
	archiveVersion = 1;
	classes = {
	};
	objectVersion = 56;
	objects = {

/* Begin PBXBuildFile section */
		844012DD299853A400DD7C9F /* AppDelegate.swift in Sources */ = {isa = PBXBuildFile; fileRef = 844012DC299853A400DD7C9F /* AppDelegate.swift */; };
		844012E1299853A400DD7C9F /* VisitorViewController.swift in Sources */ = {isa = PBXBuildFile; fileRef = 844012E0299853A400DD7C9F /* VisitorViewController.swift */; };
		844012E6299853A600DD7C9F /* Assets.xcassets in Resources */ = {isa = PBXBuildFile; fileRef = 844012E5299853A600DD7C9F /* Assets.xcassets */; };
		844012E9299853A600DD7C9F /* LaunchScreen.storyboard in Resources */ = {isa = PBXBuildFile; fileRef = 844012E7299853A600DD7C9F /* LaunchScreen.storyboard */; };
		844012F4299853A600DD7C9F /* whizzizTests.swift in Sources */ = {isa = PBXBuildFile; fileRef = 844012F3299853A600DD7C9F /* whizzizTests.swift */; };
		844012FE299853A600DD7C9F /* whizzizUITests.swift in Sources */ = {isa = PBXBuildFile; fileRef = 844012FD299853A600DD7C9F /* whizzizUITests.swift */; };
		84401300299853A600DD7C9F /* whizzizUITestsLaunchTests.swift in Sources */ = {isa = PBXBuildFile; fileRef = 844012FF299853A600DD7C9F /* whizzizUITestsLaunchTests.swift */; };
		8440130F2998EE0300DD7C9F /* BaseViewController.swift in Sources */ = {isa = PBXBuildFile; fileRef = 8440130E2998EE0300DD7C9F /* BaseViewController.swift */; };
		844013252998F52C00DD7C9F /* UISwitchBuilder.swift in Sources */ = {isa = PBXBuildFile; fileRef = 844013142998F52B00DD7C9F /* UISwitchBuilder.swift */; };
		844013262998F52C00DD7C9F /* UIScrollViewBuilder.swift in Sources */ = {isa = PBXBuildFile; fileRef = 844013152998F52B00DD7C9F /* UIScrollViewBuilder.swift */; };
		844013272998F52C00DD7C9F /* UITextFieldBuilder.swift in Sources */ = {isa = PBXBuildFile; fileRef = 844013162998F52B00DD7C9F /* UITextFieldBuilder.swift */; };
		844013282998F52C00DD7C9F /* UICollectionViewBuilder.swift in Sources */ = {isa = PBXBuildFile; fileRef = 844013172998F52B00DD7C9F /* UICollectionViewBuilder.swift */; };
		844013292998F52C00DD7C9F /* UIBarButtonItemBuilder.swift in Sources */ = {isa = PBXBuildFile; fileRef = 844013182998F52B00DD7C9F /* UIBarButtonItemBuilder.swift */; };
		8440132A2998F52C00DD7C9F /* UIStackViewBuilder.swift in Sources */ = {isa = PBXBuildFile; fileRef = 844013192998F52C00DD7C9F /* UIStackViewBuilder.swift */; };
		8440132B2998F52C00DD7C9F /* UILabelBuilder.swift in Sources */ = {isa = PBXBuildFile; fileRef = 8440131A2998F52C00DD7C9F /* UILabelBuilder.swift */; };
		8440132C2998F52C00DD7C9F /* UIProgressViewBuilder.swift in Sources */ = {isa = PBXBuildFile; fileRef = 8440131B2998F52C00DD7C9F /* UIProgressViewBuilder.swift */; };
		8440132D2998F52C00DD7C9F /* UITextViewBuilder.swift in Sources */ = {isa = PBXBuildFile; fileRef = 8440131C2998F52C00DD7C9F /* UITextViewBuilder.swift */; };
		8440132E2998F52C00DD7C9F /* UIStepperBuilder.swift in Sources */ = {isa = PBXBuildFile; fileRef = 8440131D2998F52C00DD7C9F /* UIStepperBuilder.swift */; };
		8440132F2998F52C00DD7C9F /* AttributedStringDictionaryBuilder.swift in Sources */ = {isa = PBXBuildFile; fileRef = 8440131E2998F52C00DD7C9F /* AttributedStringDictionaryBuilder.swift */; };
		844013302998F52C00DD7C9F /* UIButtonBuilder.swift in Sources */ = {isa = PBXBuildFile; fileRef = 8440131F2998F52C00DD7C9F /* UIButtonBuilder.swift */; };
		844013312998F52C00DD7C9F /* UIViewBuilder.swift in Sources */ = {isa = PBXBuildFile; fileRef = 844013202998F52C00DD7C9F /* UIViewBuilder.swift */; };
		844013322998F52C00DD7C9F /* UISliderBuilder.swift in Sources */ = {isa = PBXBuildFile; fileRef = 844013212998F52C00DD7C9F /* UISliderBuilder.swift */; };
		844013332998F52C00DD7C9F /* UIImageViewBuilder.swift in Sources */ = {isa = PBXBuildFile; fileRef = 844013222998F52C00DD7C9F /* UIImageViewBuilder.swift */; };
		844013342998F52C00DD7C9F /* UITableViewBuilder.swift in Sources */ = {isa = PBXBuildFile; fileRef = 844013232998F52C00DD7C9F /* UITableViewBuilder.swift */; };
		844013352998F52C00DD7C9F /* UIPageControlBuilder.swift in Sources */ = {isa = PBXBuildFile; fileRef = 844013242998F52C00DD7C9F /* UIPageControlBuilder.swift */; };
		844013382998F59400DD7C9F /* TinyConstraints in Frameworks */ = {isa = PBXBuildFile; productRef = 844013372998F59400DD7C9F /* TinyConstraints */; };
		8440133B2998F5C000DD7C9F /* IQKeyboardManagerSwift in Frameworks */ = {isa = PBXBuildFile; productRef = 8440133A2998F5C000DD7C9F /* IQKeyboardManagerSwift */; };
		8440133D2998F5FB00DD7C9F /* BaseViewModel.swift in Sources */ = {isa = PBXBuildFile; fileRef = 8440133C2998F5FB00DD7C9F /* BaseViewModel.swift */; };
		8440133F2998F65400DD7C9F /* RouterHelper.swift in Sources */ = {isa = PBXBuildFile; fileRef = 8440133E2998F65400DD7C9F /* RouterHelper.swift */; };
		844013412998F67900DD7C9F /* TransitionHelper.swift in Sources */ = {isa = PBXBuildFile; fileRef = 844013402998F67900DD7C9F /* TransitionHelper.swift */; };
		844013442998F71900DD7C9F /* ClosuresHelper.swift in Sources */ = {isa = PBXBuildFile; fileRef = 844013432998F71900DD7C9F /* ClosuresHelper.swift */; };
		844013472998FD8F00DD7C9F /* VisitorViewModel.swift in Sources */ = {isa = PBXBuildFile; fileRef = 844013462998FD8F00DD7C9F /* VisitorViewModel.swift */; };
		8440134A2999034E00DD7C9F /* VisitorRouter.swift in Sources */ = {isa = PBXBuildFile; fileRef = 844013492999034E00DD7C9F /* VisitorRouter.swift */; };
		8440134C299903C600DD7C9F /* TryWhizzizRoute.swift in Sources */ = {isa = PBXBuildFile; fileRef = 8440134B299903C600DD7C9F /* TryWhizzizRoute.swift */; };
		8440134E299904A000DD7C9F /* LoginRoute.swift in Sources */ = {isa = PBXBuildFile; fileRef = 8440134D299904A000DD7C9F /* LoginRoute.swift */; };
		84401350299904C900DD7C9F /* LoginWithGoogleRoute.swift in Sources */ = {isa = PBXBuildFile; fileRef = 8440134F299904C900DD7C9F /* LoginWithGoogleRoute.swift */; };
		844013542999085600DD7C9F /* L10n.swift in Sources */ = {isa = PBXBuildFile; fileRef = 844013532999085600DD7C9F /* L10n.swift */; };
		8440135729990A5000DD7C9F /* Localizable.strings in Resources */ = {isa = PBXBuildFile; fileRef = 8440135929990A5000DD7C9F /* Localizable.strings */; };
		844013732999202E00DD7C9F /* String+Extensions.swift in Sources */ = {isa = PBXBuildFile; fileRef = 844013722999202E00DD7C9F /* String+Extensions.swift */; };
		844013752999471500DD7C9F /* UIView+Extensions.swift in Sources */ = {isa = PBXBuildFile; fileRef = 844013742999471500DD7C9F /* UIView+Extensions.swift */; };
		844013782999840500DD7C9F /* Rubik-Black.ttf in Resources */ = {isa = PBXBuildFile; fileRef = 844013772999840500DD7C9F /* Rubik-Black.ttf */; };
		844013832999842800DD7C9F /* Rubik-Light.ttf in Resources */ = {isa = PBXBuildFile; fileRef = 844013792999842700DD7C9F /* Rubik-Light.ttf */; };
		844013842999842800DD7C9F /* Rubik-BoldItalic.ttf in Resources */ = {isa = PBXBuildFile; fileRef = 8440137A2999842700DD7C9F /* Rubik-BoldItalic.ttf */; };
		844013852999842800DD7C9F /* Rubik-BlackItalic.ttf in Resources */ = {isa = PBXBuildFile; fileRef = 8440137B2999842700DD7C9F /* Rubik-BlackItalic.ttf */; };
		844013862999842800DD7C9F /* SIL Open Font License.txt in Resources */ = {isa = PBXBuildFile; fileRef = 8440137C2999842800DD7C9F /* SIL Open Font License.txt */; };
		844013872999842800DD7C9F /* Rubik-Medium.ttf in Resources */ = {isa = PBXBuildFile; fileRef = 8440137D2999842800DD7C9F /* Rubik-Medium.ttf */; };
		844013882999842800DD7C9F /* Rubik-MediumItalic.ttf in Resources */ = {isa = PBXBuildFile; fileRef = 8440137E2999842800DD7C9F /* Rubik-MediumItalic.ttf */; };
		844013892999842800DD7C9F /* Rubik-Bold.ttf in Resources */ = {isa = PBXBuildFile; fileRef = 8440137F2999842800DD7C9F /* Rubik-Bold.ttf */; };
		8440138A2999842800DD7C9F /* Rubik-Italic.ttf in Resources */ = {isa = PBXBuildFile; fileRef = 844013802999842800DD7C9F /* Rubik-Italic.ttf */; };
		8440138B2999842800DD7C9F /* Rubik-Regular.ttf in Resources */ = {isa = PBXBuildFile; fileRef = 844013812999842800DD7C9F /* Rubik-Regular.ttf */; };
		8440138C2999842800DD7C9F /* Rubik-LightItalic.ttf in Resources */ = {isa = PBXBuildFile; fileRef = 844013822999842800DD7C9F /* Rubik-LightItalic.ttf */; };
/* End PBXBuildFile section */

/* Begin PBXContainerItemProxy section */
		844012F0299853A600DD7C9F /* PBXContainerItemProxy */ = {
			isa = PBXContainerItemProxy;
			containerPortal = 844012D1299853A400DD7C9F /* Project object */;
			proxyType = 1;
			remoteGlobalIDString = 844012D8299853A400DD7C9F;
			remoteInfo = whizziz;
		};
		844012FA299853A600DD7C9F /* PBXContainerItemProxy */ = {
			isa = PBXContainerItemProxy;
			containerPortal = 844012D1299853A400DD7C9F /* Project object */;
			proxyType = 1;
			remoteGlobalIDString = 844012D8299853A400DD7C9F;
			remoteInfo = whizziz;
		};
/* End PBXContainerItemProxy section */

/* Begin PBXFileReference section */
		844012D9299853A400DD7C9F /* whizziz.app */ = {isa = PBXFileReference; explicitFileType = wrapper.application; includeInIndex = 0; path = whizziz.app; sourceTree = BUILT_PRODUCTS_DIR; };
		844012DC299853A400DD7C9F /* AppDelegate.swift */ = {isa = PBXFileReference; lastKnownFileType = sourcecode.swift; path = AppDelegate.swift; sourceTree = "<group>"; };
		844012E0299853A400DD7C9F /* VisitorViewController.swift */ = {isa = PBXFileReference; lastKnownFileType = sourcecode.swift; path = VisitorViewController.swift; sourceTree = "<group>"; };
		844012E5299853A600DD7C9F /* Assets.xcassets */ = {isa = PBXFileReference; lastKnownFileType = folder.assetcatalog; path = Assets.xcassets; sourceTree = "<group>"; };
		844012E8299853A600DD7C9F /* Base */ = {isa = PBXFileReference; lastKnownFileType = file.storyboard; name = Base; path = Base.lproj/LaunchScreen.storyboard; sourceTree = "<group>"; };
		844012EA299853A600DD7C9F /* Info.plist */ = {isa = PBXFileReference; lastKnownFileType = text.plist.xml; path = Info.plist; sourceTree = "<group>"; };
		844012EF299853A600DD7C9F /* whizzizTests.xctest */ = {isa = PBXFileReference; explicitFileType = wrapper.cfbundle; includeInIndex = 0; path = whizzizTests.xctest; sourceTree = BUILT_PRODUCTS_DIR; };
		844012F3299853A600DD7C9F /* whizzizTests.swift */ = {isa = PBXFileReference; lastKnownFileType = sourcecode.swift; path = whizzizTests.swift; sourceTree = "<group>"; };
		844012F9299853A600DD7C9F /* whizzizUITests.xctest */ = {isa = PBXFileReference; explicitFileType = wrapper.cfbundle; includeInIndex = 0; path = whizzizUITests.xctest; sourceTree = BUILT_PRODUCTS_DIR; };
		844012FD299853A600DD7C9F /* whizzizUITests.swift */ = {isa = PBXFileReference; lastKnownFileType = sourcecode.swift; path = whizzizUITests.swift; sourceTree = "<group>"; };
		844012FF299853A600DD7C9F /* whizzizUITestsLaunchTests.swift */ = {isa = PBXFileReference; lastKnownFileType = sourcecode.swift; path = whizzizUITestsLaunchTests.swift; sourceTree = "<group>"; };
		8440130E2998EE0300DD7C9F /* BaseViewController.swift */ = {isa = PBXFileReference; lastKnownFileType = sourcecode.swift; path = BaseViewController.swift; sourceTree = "<group>"; };
		844013142998F52B00DD7C9F /* UISwitchBuilder.swift */ = {isa = PBXFileReference; fileEncoding = 4; lastKnownFileType = sourcecode.swift; path = UISwitchBuilder.swift; sourceTree = "<group>"; };
		844013152998F52B00DD7C9F /* UIScrollViewBuilder.swift */ = {isa = PBXFileReference; fileEncoding = 4; lastKnownFileType = sourcecode.swift; path = UIScrollViewBuilder.swift; sourceTree = "<group>"; };
		844013162998F52B00DD7C9F /* UITextFieldBuilder.swift */ = {isa = PBXFileReference; fileEncoding = 4; lastKnownFileType = sourcecode.swift; path = UITextFieldBuilder.swift; sourceTree = "<group>"; };
		844013172998F52B00DD7C9F /* UICollectionViewBuilder.swift */ = {isa = PBXFileReference; fileEncoding = 4; lastKnownFileType = sourcecode.swift; path = UICollectionViewBuilder.swift; sourceTree = "<group>"; };
		844013182998F52B00DD7C9F /* UIBarButtonItemBuilder.swift */ = {isa = PBXFileReference; fileEncoding = 4; lastKnownFileType = sourcecode.swift; path = UIBarButtonItemBuilder.swift; sourceTree = "<group>"; };
		844013192998F52C00DD7C9F /* UIStackViewBuilder.swift */ = {isa = PBXFileReference; fileEncoding = 4; lastKnownFileType = sourcecode.swift; path = UIStackViewBuilder.swift; sourceTree = "<group>"; };
		8440131A2998F52C00DD7C9F /* UILabelBuilder.swift */ = {isa = PBXFileReference; fileEncoding = 4; lastKnownFileType = sourcecode.swift; path = UILabelBuilder.swift; sourceTree = "<group>"; };
		8440131B2998F52C00DD7C9F /* UIProgressViewBuilder.swift */ = {isa = PBXFileReference; fileEncoding = 4; lastKnownFileType = sourcecode.swift; path = UIProgressViewBuilder.swift; sourceTree = "<group>"; };
		8440131C2998F52C00DD7C9F /* UITextViewBuilder.swift */ = {isa = PBXFileReference; fileEncoding = 4; lastKnownFileType = sourcecode.swift; path = UITextViewBuilder.swift; sourceTree = "<group>"; };
		8440131D2998F52C00DD7C9F /* UIStepperBuilder.swift */ = {isa = PBXFileReference; fileEncoding = 4; lastKnownFileType = sourcecode.swift; path = UIStepperBuilder.swift; sourceTree = "<group>"; };
		8440131E2998F52C00DD7C9F /* AttributedStringDictionaryBuilder.swift */ = {isa = PBXFileReference; fileEncoding = 4; lastKnownFileType = sourcecode.swift; path = AttributedStringDictionaryBuilder.swift; sourceTree = "<group>"; };
		8440131F2998F52C00DD7C9F /* UIButtonBuilder.swift */ = {isa = PBXFileReference; fileEncoding = 4; lastKnownFileType = sourcecode.swift; path = UIButtonBuilder.swift; sourceTree = "<group>"; };
		844013202998F52C00DD7C9F /* UIViewBuilder.swift */ = {isa = PBXFileReference; fileEncoding = 4; lastKnownFileType = sourcecode.swift; path = UIViewBuilder.swift; sourceTree = "<group>"; };
		844013212998F52C00DD7C9F /* UISliderBuilder.swift */ = {isa = PBXFileReference; fileEncoding = 4; lastKnownFileType = sourcecode.swift; path = UISliderBuilder.swift; sourceTree = "<group>"; };
		844013222998F52C00DD7C9F /* UIImageViewBuilder.swift */ = {isa = PBXFileReference; fileEncoding = 4; lastKnownFileType = sourcecode.swift; path = UIImageViewBuilder.swift; sourceTree = "<group>"; };
		844013232998F52C00DD7C9F /* UITableViewBuilder.swift */ = {isa = PBXFileReference; fileEncoding = 4; lastKnownFileType = sourcecode.swift; path = UITableViewBuilder.swift; sourceTree = "<group>"; };
		844013242998F52C00DD7C9F /* UIPageControlBuilder.swift */ = {isa = PBXFileReference; fileEncoding = 4; lastKnownFileType = sourcecode.swift; path = UIPageControlBuilder.swift; sourceTree = "<group>"; };
		8440133C2998F5FB00DD7C9F /* BaseViewModel.swift */ = {isa = PBXFileReference; lastKnownFileType = sourcecode.swift; path = BaseViewModel.swift; sourceTree = "<group>"; };
		8440133E2998F65400DD7C9F /* RouterHelper.swift */ = {isa = PBXFileReference; lastKnownFileType = sourcecode.swift; path = RouterHelper.swift; sourceTree = "<group>"; };
		844013402998F67900DD7C9F /* TransitionHelper.swift */ = {isa = PBXFileReference; lastKnownFileType = sourcecode.swift; path = TransitionHelper.swift; sourceTree = "<group>"; };
		844013432998F71900DD7C9F /* ClosuresHelper.swift */ = {isa = PBXFileReference; lastKnownFileType = sourcecode.swift; path = ClosuresHelper.swift; sourceTree = "<group>"; };
		844013462998FD8F00DD7C9F /* VisitorViewModel.swift */ = {isa = PBXFileReference; lastKnownFileType = sourcecode.swift; path = VisitorViewModel.swift; sourceTree = "<group>"; };
		844013492999034E00DD7C9F /* VisitorRouter.swift */ = {isa = PBXFileReference; lastKnownFileType = sourcecode.swift; path = VisitorRouter.swift; sourceTree = "<group>"; };
		8440134B299903C600DD7C9F /* TryWhizzizRoute.swift */ = {isa = PBXFileReference; lastKnownFileType = sourcecode.swift; path = TryWhizzizRoute.swift; sourceTree = "<group>"; };
		8440134D299904A000DD7C9F /* LoginRoute.swift */ = {isa = PBXFileReference; lastKnownFileType = sourcecode.swift; path = LoginRoute.swift; sourceTree = "<group>"; };
		8440134F299904C900DD7C9F /* LoginWithGoogleRoute.swift */ = {isa = PBXFileReference; lastKnownFileType = sourcecode.swift; path = LoginWithGoogleRoute.swift; sourceTree = "<group>"; };
		844013532999085600DD7C9F /* L10n.swift */ = {isa = PBXFileReference; lastKnownFileType = sourcecode.swift; path = L10n.swift; sourceTree = "<group>"; };
		8440135829990A5000DD7C9F /* en */ = {isa = PBXFileReference; lastKnownFileType = text.plist.strings; name = en; path = en.lproj/Localizable.strings; sourceTree = "<group>"; };
		844013722999202E00DD7C9F /* String+Extensions.swift */ = {isa = PBXFileReference; lastKnownFileType = sourcecode.swift; path = "String+Extensions.swift"; sourceTree = "<group>"; };
		844013742999471500DD7C9F /* UIView+Extensions.swift */ = {isa = PBXFileReference; lastKnownFileType = sourcecode.swift; path = "UIView+Extensions.swift"; sourceTree = "<group>"; };
		844013772999840500DD7C9F /* Rubik-Black.ttf */ = {isa = PBXFileReference; lastKnownFileType = file; path = "Rubik-Black.ttf"; sourceTree = "<group>"; };
		844013792999842700DD7C9F /* Rubik-Light.ttf */ = {isa = PBXFileReference; lastKnownFileType = file; path = "Rubik-Light.ttf"; sourceTree = "<group>"; };
		8440137A2999842700DD7C9F /* Rubik-BoldItalic.ttf */ = {isa = PBXFileReference; lastKnownFileType = file; path = "Rubik-BoldItalic.ttf"; sourceTree = "<group>"; };
		8440137B2999842700DD7C9F /* Rubik-BlackItalic.ttf */ = {isa = PBXFileReference; lastKnownFileType = file; path = "Rubik-BlackItalic.ttf"; sourceTree = "<group>"; };
		8440137C2999842800DD7C9F /* SIL Open Font License.txt */ = {isa = PBXFileReference; fileEncoding = 4; lastKnownFileType = text; path = "SIL Open Font License.txt"; sourceTree = "<group>"; };
		8440137D2999842800DD7C9F /* Rubik-Medium.ttf */ = {isa = PBXFileReference; lastKnownFileType = file; path = "Rubik-Medium.ttf"; sourceTree = "<group>"; };
		8440137E2999842800DD7C9F /* Rubik-MediumItalic.ttf */ = {isa = PBXFileReference; lastKnownFileType = file; path = "Rubik-MediumItalic.ttf"; sourceTree = "<group>"; };
		8440137F2999842800DD7C9F /* Rubik-Bold.ttf */ = {isa = PBXFileReference; lastKnownFileType = file; path = "Rubik-Bold.ttf"; sourceTree = "<group>"; };
		844013802999842800DD7C9F /* Rubik-Italic.ttf */ = {isa = PBXFileReference; lastKnownFileType = file; path = "Rubik-Italic.ttf"; sourceTree = "<group>"; };
		844013812999842800DD7C9F /* Rubik-Regular.ttf */ = {isa = PBXFileReference; lastKnownFileType = file; path = "Rubik-Regular.ttf"; sourceTree = "<group>"; };
		844013822999842800DD7C9F /* Rubik-LightItalic.ttf */ = {isa = PBXFileReference; lastKnownFileType = file; path = "Rubik-LightItalic.ttf"; sourceTree = "<group>"; };
/* End PBXFileReference section */

/* Begin PBXFrameworksBuildPhase section */
		844012D6299853A400DD7C9F /* Frameworks */ = {
			isa = PBXFrameworksBuildPhase;
			buildActionMask = 2147483647;
			files = (
				844013382998F59400DD7C9F /* TinyConstraints in Frameworks */,
				8440133B2998F5C000DD7C9F /* IQKeyboardManagerSwift in Frameworks */,
			);
			runOnlyForDeploymentPostprocessing = 0;
		};
		844012EC299853A600DD7C9F /* Frameworks */ = {
			isa = PBXFrameworksBuildPhase;
			buildActionMask = 2147483647;
			files = (
			);
			runOnlyForDeploymentPostprocessing = 0;
		};
		844012F6299853A600DD7C9F /* Frameworks */ = {
			isa = PBXFrameworksBuildPhase;
			buildActionMask = 2147483647;
			files = (
			);
			runOnlyForDeploymentPostprocessing = 0;
		};
/* End PBXFrameworksBuildPhase section */

/* Begin PBXGroup section */
		844012D0299853A400DD7C9F = {
			isa = PBXGroup;
			children = (
				844012DB299853A400DD7C9F /* whizziz */,
				844012F2299853A600DD7C9F /* whizzizTests */,
				844012FC299853A600DD7C9F /* whizzizUITests */,
				844012DA299853A400DD7C9F /* Products */,
			);
			sourceTree = "<group>";
		};
		844012DA299853A400DD7C9F /* Products */ = {
			isa = PBXGroup;
			children = (
				844012D9299853A400DD7C9F /* whizziz.app */,
				844012EF299853A600DD7C9F /* whizzizTests.xctest */,
				844012F9299853A600DD7C9F /* whizzizUITests.xctest */,
			);
			name = Products;
			sourceTree = "<group>";
		};
		844012DB299853A400DD7C9F /* whizziz */ = {
			isa = PBXGroup;
			children = (
				844013512999066C00DD7C9F /* Resources */,
				844013102998EE2200DD7C9F /* Helper */,
				8440130C2998EDDF00DD7C9F /* Scenes */,
				844012DC299853A400DD7C9F /* AppDelegate.swift */,
				844012E7299853A600DD7C9F /* LaunchScreen.storyboard */,
				844012EA299853A600DD7C9F /* Info.plist */,
			);
			path = whizziz;
			sourceTree = "<group>";
		};
		844012F2299853A600DD7C9F /* whizzizTests */ = {
			isa = PBXGroup;
			children = (
				844012F3299853A600DD7C9F /* whizzizTests.swift */,
			);
			path = whizzizTests;
			sourceTree = "<group>";
		};
		844012FC299853A600DD7C9F /* whizzizUITests */ = {
			isa = PBXGroup;
			children = (
				844012FD299853A600DD7C9F /* whizzizUITests.swift */,
				844012FF299853A600DD7C9F /* whizzizUITestsLaunchTests.swift */,
			);
			path = whizzizUITests;
			sourceTree = "<group>";
		};
		8440130C2998EDDF00DD7C9F /* Scenes */ = {
			isa = PBXGroup;
			children = (
				844013452998FD6700DD7C9F /* VisitorView */,
				8440130D2998EDF300DD7C9F /* Base */,
			);
			path = Scenes;
			sourceTree = "<group>";
		};
		8440130D2998EDF300DD7C9F /* Base */ = {
			isa = PBXGroup;
			children = (
				8440130E2998EE0300DD7C9F /* BaseViewController.swift */,
				8440133C2998F5FB00DD7C9F /* BaseViewModel.swift */,
			);
			path = Base;
			sourceTree = "<group>";
		};
		844013102998EE2200DD7C9F /* Helper */ = {
			isa = PBXGroup;
			children = (
				844013712999201D00DD7C9F /* Extensions */,
				844013482998FE1000DD7C9F /* Routing */,
				844013132998EE6F00DD7C9F /* UIBuilderHelper */,
				844013402998F67900DD7C9F /* TransitionHelper.swift */,
				844013432998F71900DD7C9F /* ClosuresHelper.swift */,
			);
			path = Helper;
			sourceTree = "<group>";
		};
		844013132998EE6F00DD7C9F /* UIBuilderHelper */ = {
			isa = PBXGroup;
			children = (
				8440131E2998F52C00DD7C9F /* AttributedStringDictionaryBuilder.swift */,
				844013182998F52B00DD7C9F /* UIBarButtonItemBuilder.swift */,
				8440131F2998F52C00DD7C9F /* UIButtonBuilder.swift */,
				844013172998F52B00DD7C9F /* UICollectionViewBuilder.swift */,
				844013222998F52C00DD7C9F /* UIImageViewBuilder.swift */,
				8440131A2998F52C00DD7C9F /* UILabelBuilder.swift */,
				844013242998F52C00DD7C9F /* UIPageControlBuilder.swift */,
				8440131B2998F52C00DD7C9F /* UIProgressViewBuilder.swift */,
				844013152998F52B00DD7C9F /* UIScrollViewBuilder.swift */,
				844013212998F52C00DD7C9F /* UISliderBuilder.swift */,
				844013192998F52C00DD7C9F /* UIStackViewBuilder.swift */,
				8440131D2998F52C00DD7C9F /* UIStepperBuilder.swift */,
				844013142998F52B00DD7C9F /* UISwitchBuilder.swift */,
				844013232998F52C00DD7C9F /* UITableViewBuilder.swift */,
				844013162998F52B00DD7C9F /* UITextFieldBuilder.swift */,
				8440131C2998F52C00DD7C9F /* UITextViewBuilder.swift */,
				844013202998F52C00DD7C9F /* UIViewBuilder.swift */,
			);
			path = UIBuilderHelper;
			sourceTree = "<group>";
		};
		844013452998FD6700DD7C9F /* VisitorView */ = {
			isa = PBXGroup;
			children = (
				844012E0299853A400DD7C9F /* VisitorViewController.swift */,
				844013462998FD8F00DD7C9F /* VisitorViewModel.swift */,
				844013492999034E00DD7C9F /* VisitorRouter.swift */,
			);
			path = VisitorView;
			sourceTree = "<group>";
		};
		844013482998FE1000DD7C9F /* Routing */ = {
			isa = PBXGroup;
			children = (
				8440133E2998F65400DD7C9F /* RouterHelper.swift */,
				8440134B299903C600DD7C9F /* TryWhizzizRoute.swift */,
				8440134D299904A000DD7C9F /* LoginRoute.swift */,
				8440134F299904C900DD7C9F /* LoginWithGoogleRoute.swift */,
			);
			path = Routing;
			sourceTree = "<group>";
		};
		844013512999066C00DD7C9F /* Resources */ = {
			isa = PBXGroup;
			children = (
				84401376299983C200DD7C9F /* Fonts */,
				844013522999082E00DD7C9F /* Strings */,
				844012E5299853A600DD7C9F /* Assets.xcassets */,
			);
			path = Resources;
			sourceTree = "<group>";
		};
		844013522999082E00DD7C9F /* Strings */ = {
			isa = PBXGroup;
			children = (
				844013532999085600DD7C9F /* L10n.swift */,
				8440135929990A5000DD7C9F /* Localizable.strings */,
			);
			path = Strings;
			sourceTree = "<group>";
		};
		844013712999201D00DD7C9F /* Extensions */ = {
			isa = PBXGroup;
			children = (
				844013722999202E00DD7C9F /* String+Extensions.swift */,
				844013742999471500DD7C9F /* UIView+Extensions.swift */,
			);
			path = Extensions;
			sourceTree = "<group>";
		};
		84401376299983C200DD7C9F /* Fonts */ = {
			isa = PBXGroup;
			children = (
				8440137B2999842700DD7C9F /* Rubik-BlackItalic.ttf */,
				8440137F2999842800DD7C9F /* Rubik-Bold.ttf */,
				8440137A2999842700DD7C9F /* Rubik-BoldItalic.ttf */,
				844013802999842800DD7C9F /* Rubik-Italic.ttf */,
				844013792999842700DD7C9F /* Rubik-Light.ttf */,
				844013822999842800DD7C9F /* Rubik-LightItalic.ttf */,
				8440137D2999842800DD7C9F /* Rubik-Medium.ttf */,
				8440137E2999842800DD7C9F /* Rubik-MediumItalic.ttf */,
				844013812999842800DD7C9F /* Rubik-Regular.ttf */,
				8440137C2999842800DD7C9F /* SIL Open Font License.txt */,
				844013772999840500DD7C9F /* Rubik-Black.ttf */,
			);
			path = Fonts;
			sourceTree = "<group>";
		};
/* End PBXGroup section */

/* Begin PBXNativeTarget section */
		844012D8299853A400DD7C9F /* whizziz */ = {
			isa = PBXNativeTarget;
			buildConfigurationList = 84401303299853A600DD7C9F /* Build configuration list for PBXNativeTarget "whizziz" */;
			buildPhases = (
				844012D5299853A400DD7C9F /* Sources */,
				844012D6299853A400DD7C9F /* Frameworks */,
				844012D7299853A400DD7C9F /* Resources */,
			);
			buildRules = (
			);
			dependencies = (
			);
			name = whizziz;
			packageProductDependencies = (
				844013372998F59400DD7C9F /* TinyConstraints */,
				8440133A2998F5C000DD7C9F /* IQKeyboardManagerSwift */,
			);
			productName = whizziz;
			productReference = 844012D9299853A400DD7C9F /* whizziz.app */;
			productType = "com.apple.product-type.application";
		};
		844012EE299853A600DD7C9F /* whizzizTests */ = {
			isa = PBXNativeTarget;
			buildConfigurationList = 84401306299853A600DD7C9F /* Build configuration list for PBXNativeTarget "whizzizTests" */;
			buildPhases = (
				844012EB299853A600DD7C9F /* Sources */,
				844012EC299853A600DD7C9F /* Frameworks */,
				844012ED299853A600DD7C9F /* Resources */,
			);
			buildRules = (
			);
			dependencies = (
				844012F1299853A600DD7C9F /* PBXTargetDependency */,
			);
			name = whizzizTests;
			productName = whizzizTests;
			productReference = 844012EF299853A600DD7C9F /* whizzizTests.xctest */;
			productType = "com.apple.product-type.bundle.unit-test";
		};
		844012F8299853A600DD7C9F /* whizzizUITests */ = {
			isa = PBXNativeTarget;
			buildConfigurationList = 84401309299853A600DD7C9F /* Build configuration list for PBXNativeTarget "whizzizUITests" */;
			buildPhases = (
				844012F5299853A600DD7C9F /* Sources */,
				844012F6299853A600DD7C9F /* Frameworks */,
				844012F7299853A600DD7C9F /* Resources */,
			);
			buildRules = (
			);
			dependencies = (
				844012FB299853A600DD7C9F /* PBXTargetDependency */,
			);
			name = whizzizUITests;
			productName = whizzizUITests;
			productReference = 844012F9299853A600DD7C9F /* whizzizUITests.xctest */;
			productType = "com.apple.product-type.bundle.ui-testing";
		};
/* End PBXNativeTarget section */

/* Begin PBXProject section */
		844012D1299853A400DD7C9F /* Project object */ = {
			isa = PBXProject;
			attributes = {
				BuildIndependentTargetsInParallel = 1;
				LastSwiftUpdateCheck = 1410;
				LastUpgradeCheck = 1410;
				TargetAttributes = {
					844012D8299853A400DD7C9F = {
						CreatedOnToolsVersion = 14.1;
					};
					844012EE299853A600DD7C9F = {
						CreatedOnToolsVersion = 14.1;
						TestTargetID = 844012D8299853A400DD7C9F;
					};
					844012F8299853A600DD7C9F = {
						CreatedOnToolsVersion = 14.1;
						TestTargetID = 844012D8299853A400DD7C9F;
					};
				};
			};
			buildConfigurationList = 844012D4299853A400DD7C9F /* Build configuration list for PBXProject "whizziz" */;
			compatibilityVersion = "Xcode 14.0";
			developmentRegion = en;
			hasScannedForEncodings = 0;
			knownRegions = (
				en,
				Base,
			);
			mainGroup = 844012D0299853A400DD7C9F;
			packageReferences = (
				844013362998F59400DD7C9F /* XCRemoteSwiftPackageReference "TinyConstraints" */,
				844013392998F5C000DD7C9F /* XCRemoteSwiftPackageReference "IQKeyboardManager" */,
			);
			productRefGroup = 844012DA299853A400DD7C9F /* Products */;
			projectDirPath = "";
			projectRoot = "";
			targets = (
				844012D8299853A400DD7C9F /* whizziz */,
				844012EE299853A600DD7C9F /* whizzizTests */,
				844012F8299853A600DD7C9F /* whizzizUITests */,
			);
		};
/* End PBXProject section */

/* Begin PBXResourcesBuildPhase section */
		844012D7299853A400DD7C9F /* Resources */ = {
			isa = PBXResourcesBuildPhase;
			buildActionMask = 2147483647;
			files = (
				844013892999842800DD7C9F /* Rubik-Bold.ttf in Resources */,
				844012E9299853A600DD7C9F /* LaunchScreen.storyboard in Resources */,
				844013842999842800DD7C9F /* Rubik-BoldItalic.ttf in Resources */,
				8440135729990A5000DD7C9F /* Localizable.strings in Resources */,
				844013862999842800DD7C9F /* SIL Open Font License.txt in Resources */,
				844013832999842800DD7C9F /* Rubik-Light.ttf in Resources */,
				844013852999842800DD7C9F /* Rubik-BlackItalic.ttf in Resources */,
				844013872999842800DD7C9F /* Rubik-Medium.ttf in Resources */,
				8440138A2999842800DD7C9F /* Rubik-Italic.ttf in Resources */,
				8440138C2999842800DD7C9F /* Rubik-LightItalic.ttf in Resources */,
				844013882999842800DD7C9F /* Rubik-MediumItalic.ttf in Resources */,
				8440138B2999842800DD7C9F /* Rubik-Regular.ttf in Resources */,
				844013782999840500DD7C9F /* Rubik-Black.ttf in Resources */,
				844012E6299853A600DD7C9F /* Assets.xcassets in Resources */,
			);
			runOnlyForDeploymentPostprocessing = 0;
		};
		844012ED299853A600DD7C9F /* Resources */ = {
			isa = PBXResourcesBuildPhase;
			buildActionMask = 2147483647;
			files = (
			);
			runOnlyForDeploymentPostprocessing = 0;
		};
		844012F7299853A600DD7C9F /* Resources */ = {
			isa = PBXResourcesBuildPhase;
			buildActionMask = 2147483647;
			files = (
			);
			runOnlyForDeploymentPostprocessing = 0;
		};
/* End PBXResourcesBuildPhase section */

/* Begin PBXSourcesBuildPhase section */
		844012D5299853A400DD7C9F /* Sources */ = {
			isa = PBXSourcesBuildPhase;
			buildActionMask = 2147483647;
			files = (
				844013352998F52C00DD7C9F /* UIPageControlBuilder.swift in Sources */,
				8440132E2998F52C00DD7C9F /* UIStepperBuilder.swift in Sources */,
				8440132C2998F52C00DD7C9F /* UIProgressViewBuilder.swift in Sources */,
				84401350299904C900DD7C9F /* LoginWithGoogleRoute.swift in Sources */,
				844013472998FD8F00DD7C9F /* VisitorViewModel.swift in Sources */,
				844012E1299853A400DD7C9F /* VisitorViewController.swift in Sources */,
				844013752999471500DD7C9F /* UIView+Extensions.swift in Sources */,
				844013282998F52C00DD7C9F /* UICollectionViewBuilder.swift in Sources */,
				8440132F2998F52C00DD7C9F /* AttributedStringDictionaryBuilder.swift in Sources */,
				844013302998F52C00DD7C9F /* UIButtonBuilder.swift in Sources */,
				8440133F2998F65400DD7C9F /* RouterHelper.swift in Sources */,
				844013342998F52C00DD7C9F /* UITableViewBuilder.swift in Sources */,
				8440132B2998F52C00DD7C9F /* UILabelBuilder.swift in Sources */,
				844013272998F52C00DD7C9F /* UITextFieldBuilder.swift in Sources */,
				844013262998F52C00DD7C9F /* UIScrollViewBuilder.swift in Sources */,
				844013542999085600DD7C9F /* L10n.swift in Sources */,
				8440134C299903C600DD7C9F /* TryWhizzizRoute.swift in Sources */,
				844013292998F52C00DD7C9F /* UIBarButtonItemBuilder.swift in Sources */,
				844013332998F52C00DD7C9F /* UIImageViewBuilder.swift in Sources */,
				8440134A2999034E00DD7C9F /* VisitorRouter.swift in Sources */,
				844013322998F52C00DD7C9F /* UISliderBuilder.swift in Sources */,
				8440132D2998F52C00DD7C9F /* UITextViewBuilder.swift in Sources */,
				844013412998F67900DD7C9F /* TransitionHelper.swift in Sources */,
				844013442998F71900DD7C9F /* ClosuresHelper.swift in Sources */,
				844012DD299853A400DD7C9F /* AppDelegate.swift in Sources */,
				8440130F2998EE0300DD7C9F /* BaseViewController.swift in Sources */,
				8440133D2998F5FB00DD7C9F /* BaseViewModel.swift in Sources */,
				8440132A2998F52C00DD7C9F /* UIStackViewBuilder.swift in Sources */,
				844013312998F52C00DD7C9F /* UIViewBuilder.swift in Sources */,
				844013732999202E00DD7C9F /* String+Extensions.swift in Sources */,
				844013252998F52C00DD7C9F /* UISwitchBuilder.swift in Sources */,
				8440134E299904A000DD7C9F /* LoginRoute.swift in Sources */,
			);
			runOnlyForDeploymentPostprocessing = 0;
		};
		844012EB299853A600DD7C9F /* Sources */ = {
			isa = PBXSourcesBuildPhase;
			buildActionMask = 2147483647;
			files = (
				844012F4299853A600DD7C9F /* whizzizTests.swift in Sources */,
			);
			runOnlyForDeploymentPostprocessing = 0;
		};
		844012F5299853A600DD7C9F /* Sources */ = {
			isa = PBXSourcesBuildPhase;
			buildActionMask = 2147483647;
			files = (
				84401300299853A600DD7C9F /* whizzizUITestsLaunchTests.swift in Sources */,
				844012FE299853A600DD7C9F /* whizzizUITests.swift in Sources */,
			);
			runOnlyForDeploymentPostprocessing = 0;
		};
/* End PBXSourcesBuildPhase section */

/* Begin PBXTargetDependency section */
		844012F1299853A600DD7C9F /* PBXTargetDependency */ = {
			isa = PBXTargetDependency;
			target = 844012D8299853A400DD7C9F /* whizziz */;
			targetProxy = 844012F0299853A600DD7C9F /* PBXContainerItemProxy */;
		};
		844012FB299853A600DD7C9F /* PBXTargetDependency */ = {
			isa = PBXTargetDependency;
			target = 844012D8299853A400DD7C9F /* whizziz */;
			targetProxy = 844012FA299853A600DD7C9F /* PBXContainerItemProxy */;
		};
/* End PBXTargetDependency section */

/* Begin PBXVariantGroup section */
		844012E7299853A600DD7C9F /* LaunchScreen.storyboard */ = {
			isa = PBXVariantGroup;
			children = (
				844012E8299853A600DD7C9F /* Base */,
			);
			name = LaunchScreen.storyboard;
			sourceTree = "<group>";
		};
		8440135929990A5000DD7C9F /* Localizable.strings */ = {
			isa = PBXVariantGroup;
			children = (
				8440135829990A5000DD7C9F /* en */,
			);
			name = Localizable.strings;
			sourceTree = "<group>";
		};
/* End PBXVariantGroup section */

/* Begin XCBuildConfiguration section */
		84401301299853A600DD7C9F /* Debug */ = {
			isa = XCBuildConfiguration;
			buildSettings = {
				ALWAYS_SEARCH_USER_PATHS = NO;
				CLANG_ANALYZER_NONNULL = YES;
				CLANG_ANALYZER_NUMBER_OBJECT_CONVERSION = YES_AGGRESSIVE;
				CLANG_CXX_LANGUAGE_STANDARD = "gnu++20";
				CLANG_ENABLE_MODULES = YES;
				CLANG_ENABLE_OBJC_ARC = YES;
				CLANG_ENABLE_OBJC_WEAK = YES;
				CLANG_WARN_BLOCK_CAPTURE_AUTORELEASING = YES;
				CLANG_WARN_BOOL_CONVERSION = YES;
				CLANG_WARN_COMMA = YES;
				CLANG_WARN_CONSTANT_CONVERSION = YES;
				CLANG_WARN_DEPRECATED_OBJC_IMPLEMENTATIONS = YES;
				CLANG_WARN_DIRECT_OBJC_ISA_USAGE = YES_ERROR;
				CLANG_WARN_DOCUMENTATION_COMMENTS = YES;
				CLANG_WARN_EMPTY_BODY = YES;
				CLANG_WARN_ENUM_CONVERSION = YES;
				CLANG_WARN_INFINITE_RECURSION = YES;
				CLANG_WARN_INT_CONVERSION = YES;
				CLANG_WARN_NON_LITERAL_NULL_CONVERSION = YES;
				CLANG_WARN_OBJC_IMPLICIT_RETAIN_SELF = YES;
				CLANG_WARN_OBJC_LITERAL_CONVERSION = YES;
				CLANG_WARN_OBJC_ROOT_CLASS = YES_ERROR;
				CLANG_WARN_QUOTED_INCLUDE_IN_FRAMEWORK_HEADER = YES;
				CLANG_WARN_RANGE_LOOP_ANALYSIS = YES;
				CLANG_WARN_STRICT_PROTOTYPES = YES;
				CLANG_WARN_SUSPICIOUS_MOVE = YES;
				CLANG_WARN_UNGUARDED_AVAILABILITY = YES_AGGRESSIVE;
				CLANG_WARN_UNREACHABLE_CODE = YES;
				CLANG_WARN__DUPLICATE_METHOD_MATCH = YES;
				COPY_PHASE_STRIP = NO;
				DEBUG_INFORMATION_FORMAT = dwarf;
				ENABLE_STRICT_OBJC_MSGSEND = YES;
				ENABLE_TESTABILITY = YES;
				GCC_C_LANGUAGE_STANDARD = gnu11;
				GCC_DYNAMIC_NO_PIC = NO;
				GCC_NO_COMMON_BLOCKS = YES;
				GCC_OPTIMIZATION_LEVEL = 0;
				GCC_PREPROCESSOR_DEFINITIONS = (
					"DEBUG=1",
					"$(inherited)",
				);
				GCC_WARN_64_TO_32_BIT_CONVERSION = YES;
				GCC_WARN_ABOUT_RETURN_TYPE = YES_ERROR;
				GCC_WARN_UNDECLARED_SELECTOR = YES;
				GCC_WARN_UNINITIALIZED_AUTOS = YES_AGGRESSIVE;
				GCC_WARN_UNUSED_FUNCTION = YES;
				GCC_WARN_UNUSED_VARIABLE = YES;
				IPHONEOS_DEPLOYMENT_TARGET = 13.0;
				MTL_ENABLE_DEBUG_INFO = INCLUDE_SOURCE;
				MTL_FAST_MATH = YES;
				ONLY_ACTIVE_ARCH = YES;
				SDKROOT = iphoneos;
				SWIFT_ACTIVE_COMPILATION_CONDITIONS = DEBUG;
				SWIFT_OPTIMIZATION_LEVEL = "-Onone";
			};
			name = Debug;
		};
		84401302299853A600DD7C9F /* Release */ = {
			isa = XCBuildConfiguration;
			buildSettings = {
				ALWAYS_SEARCH_USER_PATHS = NO;
				CLANG_ANALYZER_NONNULL = YES;
				CLANG_ANALYZER_NUMBER_OBJECT_CONVERSION = YES_AGGRESSIVE;
				CLANG_CXX_LANGUAGE_STANDARD = "gnu++20";
				CLANG_ENABLE_MODULES = YES;
				CLANG_ENABLE_OBJC_ARC = YES;
				CLANG_ENABLE_OBJC_WEAK = YES;
				CLANG_WARN_BLOCK_CAPTURE_AUTORELEASING = YES;
				CLANG_WARN_BOOL_CONVERSION = YES;
				CLANG_WARN_COMMA = YES;
				CLANG_WARN_CONSTANT_CONVERSION = YES;
				CLANG_WARN_DEPRECATED_OBJC_IMPLEMENTATIONS = YES;
				CLANG_WARN_DIRECT_OBJC_ISA_USAGE = YES_ERROR;
				CLANG_WARN_DOCUMENTATION_COMMENTS = YES;
				CLANG_WARN_EMPTY_BODY = YES;
				CLANG_WARN_ENUM_CONVERSION = YES;
				CLANG_WARN_INFINITE_RECURSION = YES;
				CLANG_WARN_INT_CONVERSION = YES;
				CLANG_WARN_NON_LITERAL_NULL_CONVERSION = YES;
				CLANG_WARN_OBJC_IMPLICIT_RETAIN_SELF = YES;
				CLANG_WARN_OBJC_LITERAL_CONVERSION = YES;
				CLANG_WARN_OBJC_ROOT_CLASS = YES_ERROR;
				CLANG_WARN_QUOTED_INCLUDE_IN_FRAMEWORK_HEADER = YES;
				CLANG_WARN_RANGE_LOOP_ANALYSIS = YES;
				CLANG_WARN_STRICT_PROTOTYPES = YES;
				CLANG_WARN_SUSPICIOUS_MOVE = YES;
				CLANG_WARN_UNGUARDED_AVAILABILITY = YES_AGGRESSIVE;
				CLANG_WARN_UNREACHABLE_CODE = YES;
				CLANG_WARN__DUPLICATE_METHOD_MATCH = YES;
				COPY_PHASE_STRIP = NO;
				DEBUG_INFORMATION_FORMAT = "dwarf-with-dsym";
				ENABLE_NS_ASSERTIONS = NO;
				ENABLE_STRICT_OBJC_MSGSEND = YES;
				GCC_C_LANGUAGE_STANDARD = gnu11;
				GCC_NO_COMMON_BLOCKS = YES;
				GCC_WARN_64_TO_32_BIT_CONVERSION = YES;
				GCC_WARN_ABOUT_RETURN_TYPE = YES_ERROR;
				GCC_WARN_UNDECLARED_SELECTOR = YES;
				GCC_WARN_UNINITIALIZED_AUTOS = YES_AGGRESSIVE;
				GCC_WARN_UNUSED_FUNCTION = YES;
				GCC_WARN_UNUSED_VARIABLE = YES;
				IPHONEOS_DEPLOYMENT_TARGET = 13.0;
				MTL_ENABLE_DEBUG_INFO = NO;
				MTL_FAST_MATH = YES;
				SDKROOT = iphoneos;
				SWIFT_COMPILATION_MODE = wholemodule;
				SWIFT_OPTIMIZATION_LEVEL = "-O";
				VALIDATE_PRODUCT = YES;
			};
			name = Release;
		};
		84401304299853A600DD7C9F /* Debug */ = {
			isa = XCBuildConfiguration;
			buildSettings = {
				ASSETCATALOG_COMPILER_APPICON_NAME = AppIcon;
				ASSETCATALOG_COMPILER_GLOBAL_ACCENT_COLOR_NAME = AccentColor;
				CODE_SIGN_STYLE = Automatic;
				CURRENT_PROJECT_VERSION = 1;
				DEVELOPMENT_TEAM = R2B98N6BH8;
				GENERATE_INFOPLIST_FILE = YES;
				INFOPLIST_FILE = whizziz/Info.plist;
				INFOPLIST_KEY_UIApplicationSupportsIndirectInputEvents = YES;
				INFOPLIST_KEY_UILaunchStoryboardName = LaunchScreen;
				INFOPLIST_KEY_UISupportedInterfaceOrientations = "UIInterfaceOrientationLandscapeLeft UIInterfaceOrientationLandscapeRight UIInterfaceOrientationPortrait";
				INFOPLIST_KEY_UISupportedInterfaceOrientations_iPad = "UIInterfaceOrientationLandscapeLeft UIInterfaceOrientationLandscapeRight UIInterfaceOrientationPortrait UIInterfaceOrientationPortraitUpsideDown";
				IPHONEOS_DEPLOYMENT_TARGET = 13.0;
				LD_RUNPATH_SEARCH_PATHS = (
					"$(inherited)",
					"@executable_path/Frameworks",
				);
				MARKETING_VERSION = 1.0;
				PRODUCT_BUNDLE_IDENTIFIER = com.oguzhankabul.whizziz;
				PRODUCT_NAME = "$(TARGET_NAME)";
				SWIFT_EMIT_LOC_STRINGS = YES;
				SWIFT_VERSION = 5.0;
				TARGETED_DEVICE_FAMILY = "1,2";
			};
			name = Debug;
		};
		84401305299853A600DD7C9F /* Release */ = {
			isa = XCBuildConfiguration;
			buildSettings = {
				ASSETCATALOG_COMPILER_APPICON_NAME = AppIcon;
				ASSETCATALOG_COMPILER_GLOBAL_ACCENT_COLOR_NAME = AccentColor;
				CODE_SIGN_STYLE = Automatic;
				CURRENT_PROJECT_VERSION = 1;
				DEVELOPMENT_TEAM = R2B98N6BH8;
				GENERATE_INFOPLIST_FILE = YES;
				INFOPLIST_FILE = whizziz/Info.plist;
				INFOPLIST_KEY_UIApplicationSupportsIndirectInputEvents = YES;
				INFOPLIST_KEY_UILaunchStoryboardName = LaunchScreen;
				INFOPLIST_KEY_UISupportedInterfaceOrientations = "UIInterfaceOrientationLandscapeLeft UIInterfaceOrientationLandscapeRight UIInterfaceOrientationPortrait";
				INFOPLIST_KEY_UISupportedInterfaceOrientations_iPad = "UIInterfaceOrientationLandscapeLeft UIInterfaceOrientationLandscapeRight UIInterfaceOrientationPortrait UIInterfaceOrientationPortraitUpsideDown";
				IPHONEOS_DEPLOYMENT_TARGET = 13.0;
				LD_RUNPATH_SEARCH_PATHS = (
					"$(inherited)",
					"@executable_path/Frameworks",
				);
				MARKETING_VERSION = 1.0;
				PRODUCT_BUNDLE_IDENTIFIER = com.oguzhankabul.whizziz;
				PRODUCT_NAME = "$(TARGET_NAME)";
				SWIFT_EMIT_LOC_STRINGS = YES;
				SWIFT_VERSION = 5.0;
				TARGETED_DEVICE_FAMILY = "1,2";
			};
			name = Release;
		};
		84401307299853A600DD7C9F /* Debug */ = {
			isa = XCBuildConfiguration;
			buildSettings = {
				ALWAYS_EMBED_SWIFT_STANDARD_LIBRARIES = YES;
				BUNDLE_LOADER = "$(TEST_HOST)";
				CODE_SIGN_STYLE = Automatic;
				CURRENT_PROJECT_VERSION = 1;
				DEVELOPMENT_TEAM = R2B98N6BH8;
				GENERATE_INFOPLIST_FILE = YES;
				IPHONEOS_DEPLOYMENT_TARGET = 16.1;
				MARKETING_VERSION = 1.0;
				PRODUCT_BUNDLE_IDENTIFIER = com.oguzhankabul.whizzizTests;
				PRODUCT_NAME = "$(TARGET_NAME)";
				SWIFT_EMIT_LOC_STRINGS = NO;
				SWIFT_VERSION = 5.0;
				TARGETED_DEVICE_FAMILY = "1,2";
				TEST_HOST = "$(BUILT_PRODUCTS_DIR)/whizziz.app/$(BUNDLE_EXECUTABLE_FOLDER_PATH)/whizziz";
			};
			name = Debug;
		};
		84401308299853A600DD7C9F /* Release */ = {
			isa = XCBuildConfiguration;
			buildSettings = {
				ALWAYS_EMBED_SWIFT_STANDARD_LIBRARIES = YES;
				BUNDLE_LOADER = "$(TEST_HOST)";
				CODE_SIGN_STYLE = Automatic;
				CURRENT_PROJECT_VERSION = 1;
				DEVELOPMENT_TEAM = R2B98N6BH8;
				GENERATE_INFOPLIST_FILE = YES;
				IPHONEOS_DEPLOYMENT_TARGET = 16.1;
				MARKETING_VERSION = 1.0;
				PRODUCT_BUNDLE_IDENTIFIER = com.oguzhankabul.whizzizTests;
				PRODUCT_NAME = "$(TARGET_NAME)";
				SWIFT_EMIT_LOC_STRINGS = NO;
				SWIFT_VERSION = 5.0;
				TARGETED_DEVICE_FAMILY = "1,2";
				TEST_HOST = "$(BUILT_PRODUCTS_DIR)/whizziz.app/$(BUNDLE_EXECUTABLE_FOLDER_PATH)/whizziz";
			};
			name = Release;
		};
		8440130A299853A600DD7C9F /* Debug */ = {
			isa = XCBuildConfiguration;
			buildSettings = {
				ALWAYS_EMBED_SWIFT_STANDARD_LIBRARIES = YES;
				CODE_SIGN_STYLE = Automatic;
				CURRENT_PROJECT_VERSION = 1;
				DEVELOPMENT_TEAM = R2B98N6BH8;
				GENERATE_INFOPLIST_FILE = YES;
				MARKETING_VERSION = 1.0;
				PRODUCT_BUNDLE_IDENTIFIER = com.oguzhankabul.whizzizUITests;
				PRODUCT_NAME = "$(TARGET_NAME)";
				SWIFT_EMIT_LOC_STRINGS = NO;
				SWIFT_VERSION = 5.0;
				TARGETED_DEVICE_FAMILY = "1,2";
				TEST_TARGET_NAME = whizziz;
			};
			name = Debug;
		};
		8440130B299853A600DD7C9F /* Release */ = {
			isa = XCBuildConfiguration;
			buildSettings = {
				ALWAYS_EMBED_SWIFT_STANDARD_LIBRARIES = YES;
				CODE_SIGN_STYLE = Automatic;
				CURRENT_PROJECT_VERSION = 1;
				DEVELOPMENT_TEAM = R2B98N6BH8;
				GENERATE_INFOPLIST_FILE = YES;
				MARKETING_VERSION = 1.0;
				PRODUCT_BUNDLE_IDENTIFIER = com.oguzhankabul.whizzizUITests;
				PRODUCT_NAME = "$(TARGET_NAME)";
				SWIFT_EMIT_LOC_STRINGS = NO;
				SWIFT_VERSION = 5.0;
				TARGETED_DEVICE_FAMILY = "1,2";
				TEST_TARGET_NAME = whizziz;
			};
			name = Release;
		};
/* End XCBuildConfiguration section */

/* Begin XCConfigurationList section */
		844012D4299853A400DD7C9F /* Build configuration list for PBXProject "whizziz" */ = {
			isa = XCConfigurationList;
			buildConfigurations = (
				84401301299853A600DD7C9F /* Debug */,
				84401302299853A600DD7C9F /* Release */,
			);
			defaultConfigurationIsVisible = 0;
			defaultConfigurationName = Release;
		};
		84401303299853A600DD7C9F /* Build configuration list for PBXNativeTarget "whizziz" */ = {
			isa = XCConfigurationList;
			buildConfigurations = (
				84401304299853A600DD7C9F /* Debug */,
				84401305299853A600DD7C9F /* Release */,
			);
			defaultConfigurationIsVisible = 0;
			defaultConfigurationName = Release;
		};
		84401306299853A600DD7C9F /* Build configuration list for PBXNativeTarget "whizzizTests" */ = {
			isa = XCConfigurationList;
			buildConfigurations = (
				84401307299853A600DD7C9F /* Debug */,
				84401308299853A600DD7C9F /* Release */,
			);
			defaultConfigurationIsVisible = 0;
			defaultConfigurationName = Release;
		};
		84401309299853A600DD7C9F /* Build configuration list for PBXNativeTarget "whizzizUITests" */ = {
			isa = XCConfigurationList;
			buildConfigurations = (
				8440130A299853A600DD7C9F /* Debug */,
				8440130B299853A600DD7C9F /* Release */,
			);
			defaultConfigurationIsVisible = 0;
			defaultConfigurationName = Release;
		};
/* End XCConfigurationList section */

/* Begin XCRemoteSwiftPackageReference section */
		844013362998F59400DD7C9F /* XCRemoteSwiftPackageReference "TinyConstraints" */ = {
			isa = XCRemoteSwiftPackageReference;
			repositoryURL = "https://github.com/roberthein/TinyConstraints.git";
			requirement = {
				branch = master;
				kind = branch;
			};
		};
		844013392998F5C000DD7C9F /* XCRemoteSwiftPackageReference "IQKeyboardManager" */ = {
			isa = XCRemoteSwiftPackageReference;
			repositoryURL = "https://github.com/hackiftekhar/IQKeyboardManager.git";
			requirement = {
				branch = master;
				kind = branch;
			};
		};
/* End XCRemoteSwiftPackageReference section */

/* Begin XCSwiftPackageProductDependency section */
		844013372998F59400DD7C9F /* TinyConstraints */ = {
			isa = XCSwiftPackageProductDependency;
			package = 844013362998F59400DD7C9F /* XCRemoteSwiftPackageReference "TinyConstraints" */;
			productName = TinyConstraints;
		};
		8440133A2998F5C000DD7C9F /* IQKeyboardManagerSwift */ = {
			isa = XCSwiftPackageProductDependency;
			package = 844013392998F5C000DD7C9F /* XCRemoteSwiftPackageReference "IQKeyboardManager" */;
			productName = IQKeyboardManagerSwift;
		};
/* End XCSwiftPackageProductDependency section */
	};
	rootObject = 844012D1299853A400DD7C9F /* Project object */;
}
